# This file is automatically @generated by Cargo.
# It is not intended for manual editing.
version = 4

[[package]]
name = "garnet-client"
version = "0.1.0"

[[package]]
name = "garnet-cluster"
version = "0.1.0"

[[package]]
name = "garnet-common"
version = "0.1.0"

[[package]]
name = "garnet-server"
version = "0.1.0"

[[package]]
name = "tsavorite"
version = "0.1.0"
